# THIS IS AN AUTOGENERATED FILE. DO NOT EDIT THIS FILE DIRECTLY.
# yarn lockfile v1


addr-to-ip-port@^1.0.1:
  version "1.4.2"
  resolved "https://registry.yarnpkg.com/addr-to-ip-port/-/addr-to-ip-port-1.4.2.tgz#7e46ff1f26b7a9f5e33fd839d57aef6303b4c692"

bencode@^0.10.0:
  version "0.10.0"
  resolved "https://registry.yarnpkg.com/bencode/-/bencode-0.10.0.tgz#717b36fc61c4e9cb3755f0a9f90996ee5b46f0d0"

bitfield@^1.0.1:
  version "1.1.2"
  resolved "https://registry.yarnpkg.com/bitfield/-/bitfield-1.1.2.tgz#a5477f00e33f2a76edc209aaf26bf09394a378cf"

bittorrent-dht@^7.0.0, bittorrent-dht@^7.4.0:
  version "7.4.0"
  resolved "https://registry.yarnpkg.com/bittorrent-dht/-/bittorrent-dht-7.4.0.tgz#aa50552099ac4f2ba1545f89dbb2e0b5af7a84e5"
  dependencies:
    bencode "^0.10.0"
    buffer-equals "^1.0.3"
    debug "^2.2.0"
    inherits "^2.0.1"
    k-bucket "^3.0.1"
    k-rpc "^4.0.0"
    lru "^3.1.0"
    safe-buffer "^5.0.1"

bittorrent-peerid@^1.0.2:
  version "1.1.1"
  resolved "https://registry.yarnpkg.com/bittorrent-peerid/-/bittorrent-peerid-1.1.1.tgz#910acd0a79029a8e4a852bbacfff59ef8e216bd8"

bittorrent-protocol@^2.1.6:
  version "2.1.6"
  resolved "https://registry.yarnpkg.com/bittorrent-protocol/-/bittorrent-protocol-2.1.6.tgz#6899c35a70e128fb276c1da320d44de80bb8dfb4"
  dependencies:
    bencode "^0.10.0"
    bitfield "^1.0.1"
    debug "^2.0.0"
    inherits "^2.0.1"
    randombytes "^2.0.3"
    readable-stream "^2.0.5"
    safe-buffer "^5.0.1"
    speedometer "^1.0.0"
    xtend "^4.0.0"

bittorrent-tracker@^8.0.0:
  version "8.0.12"
  resolved "https://registry.yarnpkg.com/bittorrent-tracker/-/bittorrent-tracker-8.0.12.tgz#842898cbbc8519f4ec0efa15aaf70a371a23cf3e"
  dependencies:
    bencode "^0.10.0"
    bittorrent-peerid "^1.0.2"
    bn.js "^4.4.0"
    compact2string "^1.2.0"
    debug "^2.0.0"
    inherits "^2.0.1"
    ip "^1.0.1"
    lru "^3.0.0"
    minimist "^1.1.1"
    once "^1.3.0"
    random-iterate "^1.0.1"
    randombytes "^2.0.3"
    run-parallel "^1.1.2"
    run-series "^1.0.2"
    safe-buffer "^5.0.0"
    simple-get "^2.0.0"
    simple-peer "^6.0.0"
    simple-websocket "^4.0.0"
    string2compact "^1.1.1"
    uniq "^1.0.1"
    ws "^1.0.0"
    xtend "^4.0.0"

bn.js@^4.4.0:
  version "4.11.6"
  resolved "https://registry.yarnpkg.com/bn.js/-/bn.js-4.11.6.tgz#53344adb14617a13f6e8dd2ce28905d1c0ba3215"

buffer-equals@^1.0.3:
  version "1.0.4"
  resolved "https://registry.yarnpkg.com/buffer-equals/-/buffer-equals-1.0.4.tgz#0353b54fd07fd9564170671ae6f66b9cf10d27f5"

buffer-shims@^1.0.0:
  version "1.0.0"
  resolved "https://registry.yarnpkg.com/buffer-shims/-/buffer-shims-1.0.0.tgz#9978ce317388c649ad8793028c3477ef044a8b51"

compact2string@^1.2.0:
  version "1.4.0"
  resolved "https://registry.yarnpkg.com/compact2string/-/compact2string-1.4.0.tgz#a99cd96ea000525684b269683ae2222d6eea7b49"
  dependencies:
    ipaddr.js ">= 0.1.5"

core-util-is@~1.0.0:
  version "1.0.2"
  resolved "https://registry.yarnpkg.com/core-util-is/-/core-util-is-1.0.2.tgz#b5fd54220aa2bc5ab57aab7140c940754503c1a7"

debug@^2.0.0, debug@^2.1.0, debug@^2.1.3, debug@^2.2.0:
  version "2.3.3"
  resolved "https://registry.yarnpkg.com/debug/-/debug-2.3.3.tgz#40c453e67e6e13c901ddec317af8986cda9eff8c"
  dependencies:
    ms "0.7.2"

get-browser-rtc@^1.0.0:
  version "1.0.2"
  resolved "https://registry.yarnpkg.com/get-browser-rtc/-/get-browser-rtc-1.0.2.tgz#bbcd40c8451a7ed4ef5c373b8169a409dd1d11d9"

inherits@^2.0.1, inherits@~2.0.1:
  version "2.0.3"
  resolved "https://registry.yarnpkg.com/inherits/-/inherits-2.0.3.tgz#633c2c83e3da42a502f52466022480f4208261de"

ip@^1.0.1:
  version "1.1.4"
  resolved "https://registry.yarnpkg.com/ip/-/ip-1.1.4.tgz#de8247ffef940451832550fba284945e6e039bfb"

"ipaddr.js@>= 0.1.5", ipaddr.js@^1.0.1:
  version "1.2.0"
  resolved "https://registry.yarnpkg.com/ipaddr.js/-/ipaddr.js-1.2.0.tgz#8aba49c9192799585bdd643e0ccb50e8ae777ba4"

isarray@~1.0.0:
  version "1.0.0"
  resolved "https://registry.yarnpkg.com/isarray/-/isarray-1.0.0.tgz#bb935d48582cba168c06834957a54a3e07124f11"

k-bucket@^3.0.1:
  version "3.2.1"
  resolved "https://registry.yarnpkg.com/k-bucket/-/k-bucket-3.2.1.tgz#200d07f02013436ed67265950ec98f62bb292f62"
  dependencies:
    buffer-equals "^1.0.3"
    inherits "^2.0.1"
    randombytes "^2.0.3"

k-rpc-socket@^1.5.0:
  version "1.6.0"
  resolved "https://registry.yarnpkg.com/k-rpc-socket/-/k-rpc-socket-1.6.0.tgz#28c3909cf1547aaa47d5cd924034d55720f7ba64"
  dependencies:
    bencode "^0.10.0"

k-rpc@^4.0.0:
  version "4.0.0"
  resolved "https://registry.yarnpkg.com/k-rpc/-/k-rpc-4.0.0.tgz#88a26dcc8b98e8fe350fa28169902afd2bf3d9d2"
  dependencies:
    buffer-equals "^1.0.3"
    k-bucket "^3.0.1"
    k-rpc-socket "^1.5.0"

lru@^3.0.0, lru@^3.1.0:
  version "3.1.0"
  resolved "https://registry.yarnpkg.com/lru/-/lru-3.1.0.tgz#ea7fb8546d83733396a13091d76cfeb4c06837d5"
  dependencies:
    inherits "^2.0.1"

minimist@^1.1.1:
  version "1.2.0"
  resolved "https://registry.yarnpkg.com/minimist/-/minimist-1.2.0.tgz#a35008b20f41383eec1fb914f4cd5df79a264284"

ms@0.7.2:
  version "0.7.2"
  resolved "https://registry.yarnpkg.com/ms/-/ms-0.7.2.tgz#ae25cf2512b3885a1d95d7f037868d8431124765"

once@^1.3.0, once@^1.3.1:
  version "1.4.0"
  resolved "https://registry.yarnpkg.com/once/-/once-1.4.0.tgz#583b1aa775961d4b113ac17d9c50baef9dd76bd1"
  dependencies:
    wrappy "1"

options@>=0.0.5:
  version "0.0.6"
  resolved "https://registry.yarnpkg.com/options/-/options-0.0.6.tgz#ec22d312806bb53e731773e7cdaefcf1c643128f"

process-nextick-args@~1.0.6:
  version "1.0.7"
  resolved "https://registry.yarnpkg.com/process-nextick-args/-/process-nextick-args-1.0.7.tgz#150e20b756590ad3f91093f25a4f2ad8bff30ba3"

random-iterate@^1.0.1:
  version "1.0.1"
  resolved "https://registry.yarnpkg.com/random-iterate/-/random-iterate-1.0.1.tgz#f7d97d92dee6665ec5f6da08c7f963cad4b2ac99"

randombytes@^2.0.3:
  version "2.0.3"
  resolved "https://registry.yarnpkg.com/randombytes/-/randombytes-2.0.3.tgz#674c99760901c3c4112771a31e521dc349cc09ec"

readable-stream@^2.0.5:
  version "2.2.2"
  resolved "https://registry.yarnpkg.com/readable-stream/-/readable-stream-2.2.2.tgz#a9e6fec3c7dda85f8bb1b3ba7028604556fc825e"
  dependencies:
    buffer-shims "^1.0.0"
    core-util-is "~1.0.0"
    inherits "~2.0.1"
    isarray "~1.0.0"
    process-nextick-args "~1.0.6"
    string_decoder "~0.10.x"
    util-deprecate "~1.0.1"

run-parallel@^1.1.2:
  version "1.1.6"
  resolved "https://registry.yarnpkg.com/run-parallel/-/run-parallel-1.1.6.tgz#29003c9a2163e01e2d2dfc90575f2c6c1d61a039"

run-series@^1.0.2:
  version "1.1.4"
  resolved "https://registry.yarnpkg.com/run-series/-/run-series-1.1.4.tgz#89a73ddc5e75c9ef8ab6320c0a1600d6a41179b9"

rusha@^0.8.1:
  version "0.8.5"
  resolved "https://registry.yarnpkg.com/rusha/-/rusha-0.8.5.tgz#a30ae9bd5a4e80fbc96fbe7a13232b944be24f84"

safe-buffer@^5.0.0, safe-buffer@^5.0.1:
  version "5.0.1"
  resolved "https://registry.yarnpkg.com/safe-buffer/-/safe-buffer-5.0.1.tgz#d263ca54696cd8a306b5ca6551e92de57918fbe7"

simple-concat@^1.0.0:
  version "1.0.0"
  resolved "https://registry.yarnpkg.com/simple-concat/-/simple-concat-1.0.0.tgz#7344cbb8b6e26fb27d66b2fc86f9f6d5997521c6"

simple-get@^2.0.0:
  version "2.3.0"
  resolved "https://registry.yarnpkg.com/simple-get/-/simple-get-2.3.0.tgz#c5fdfcce1e516ad4b2ce7b7c2bd2d710502d8ac9"
  dependencies:
    once "^1.3.1"
    simple-concat "^1.0.0"
    unzip-response "^2.0.1"

simple-peer@^6.0.0:
  version "6.1.0"
  resolved "https://registry.yarnpkg.com/simple-peer/-/simple-peer-6.1.0.tgz#cd794e54fed68f662f0f0983a76fc781238c8164"
  dependencies:
    debug "^2.1.0"
    get-browser-rtc "^1.0.0"
    inherits "^2.0.1"
    randombytes "^2.0.3"
    readable-stream "^2.0.5"

simple-sha1@^2.0.0:
  version "2.1.0"
  resolved "https://registry.yarnpkg.com/simple-sha1/-/simple-sha1-2.1.0.tgz#9427bb96ff1263cc10a8414cedd51a18b919e8b3"
  dependencies:
    rusha "^0.8.1"

simple-websocket@^4.0.0:
  version "4.1.0"
  resolved "https://registry.yarnpkg.com/simple-websocket/-/simple-websocket-4.1.0.tgz#2b1e887e7737ae1452458ead0d0a79722901877f"
  dependencies:
    debug "^2.1.3"
    inherits "^2.0.1"
    readable-stream "^2.0.5"
    ws "^1.0.0"

speedometer@^1.0.0:
  version "1.0.0"
  resolved "https://registry.yarnpkg.com/speedometer/-/speedometer-1.0.0.tgz#cd671cb06752c22bca3370e2f334440be4fc62e2"

string2compact@^1.1.1:
  version "1.2.2"
  resolved "https://registry.yarnpkg.com/string2compact/-/string2compact-1.2.2.tgz#420b3a9ee1c46854919b4a2aeac65c43fa50597b"
  dependencies:
    addr-to-ip-port "^1.0.1"
    ipaddr.js "^1.0.1"

string_decoder@~0.10.x:
  version "0.10.31"
  resolved "https://registry.yarnpkg.com/string_decoder/-/string_decoder-0.10.31.tgz#62e203bc41766c6c28c9fc84301dab1c5310fa94"

torrent-discovery@^8.1.1:
  version "8.1.1"
  resolved "https://registry.yarnpkg.com/torrent-discovery/-/torrent-discovery-8.1.1.tgz#40d6c5b19ba7dbf9fa05c50d76dd279a654f0fe8"
  dependencies:
    bittorrent-dht "^7.0.0"
    bittorrent-tracker "^8.0.0"
    debug "^2.0.0"
    inherits "^2.0.1"
    run-parallel "^1.1.2"
    xtend "^4.0.1"

ultron@1.0.x:
  version "1.0.2"
  resolved "https://registry.yarnpkg.com/ultron/-/ultron-1.0.2.tgz#ace116ab557cd197386a4e88f4685378c8b2e4fa"

uniq@^1.0.1:
  version "1.0.1"
  resolved "https://registry.yarnpkg.com/uniq/-/uniq-1.0.1.tgz#b31c5ae8254844a3a8281541ce2b04b865a734ff"

unzip-response@^2.0.1:
  version "2.0.1"
  resolved "https://registry.yarnpkg.com/unzip-response/-/unzip-response-2.0.1.tgz#d2f0f737d16b0615e72a6935ed04214572d56f97"

ut_metadata@^3.0.8:
  version "3.0.8"
  resolved "https://registry.yarnpkg.com/ut_metadata/-/ut_metadata-3.0.8.tgz#4dcf4b4e19de5b3372dc838c069c5bd73a16cbfa"
  dependencies:
    bencode "^0.10.0"
    bitfield "^1.0.1"
    debug "^2.2.0"
    inherits "^2.0.1"
    safe-buffer "^5.0.1"
    simple-sha1 "^2.0.0"

util-deprecate@~1.0.1:
  version "1.0.2"
  resolved "https://registry.yarnpkg.com/util-deprecate/-/util-deprecate-1.0.2.tgz#450d4dc9fa70de732762fbd2d4a28981419a0ccf"

wrappy@1:
  version "1.0.2"
  resolved "https://registry.yarnpkg.com/wrappy/-/wrappy-1.0.2.tgz#b5243d8f3ec1aa35f1364605bc0d1036e30ab69f"

ws@^1.0.0:
  version "1.1.1"
  resolved "https://registry.yarnpkg.com/ws/-/ws-1.1.1.tgz#082ddb6c641e85d4bb451f03d52f06eabdb1f018"
  dependencies:
    options ">=0.0.5"
    ultron "1.0.x"

xtend@^4.0.0, xtend@^4.0.1:
  version "4.0.1"
  resolved "https://registry.yarnpkg.com/xtend/-/xtend-4.0.1.tgz#a5c6d532be656e23db820efb943a1f04998d63af"
